
Microsoft Visual Studio Solution File, Format Version 12.00
# Visual Studio Version 17
VisualStudioVersion = 17.3.32825.248
MinimumVisualStudioVersion = 10.0.40219.1
Project("{FAE04EC0-301F-11D3-BF4B-00C04F79EFBC}") = "FigureClassLibrary", "FigureClassLibrary.csproj", "{E0831FE3-E847-4DE4-92E5-92E9C4D59499}"
EndProject
Project("{FAE04EC0-301F-11D3-BF4B-00C04F79EFBC}") = "FigureClassLibrary.Tests", "..\FigureClassLibrary.Tests\FigureClassLibrary.Tests.csproj", "{E1C2C1D7-F7E5-4804-967D-C3CE3172FE74}"
EndProject
Global
	GlobalSection(SolutionConfigurationPlatforms) = preSolution
		Debug|Any CPU = Debug|Any CPU
		Release|Any CPU = Release|Any CPU
	EndGlobalSection
	GlobalSection(ProjectConfigurationPlatforms) = postSolution
		{E0831FE3-E847-4DE4-92E5-92E9C4D59499}.Debug|Any CPU.ActiveCfg = Debug|Any CPU
		{E0831FE3-E847-4DE4-92E5-92E9C4D59499}.Debug|Any CPU.Build.0 = Debug|Any CPU
		{E0831FE3-E847-4DE4-92E5-92E9C4D59499}.Release|Any CPU.ActiveCfg = Release|Any CPU
		{E0831FE3-E847-4DE4-92E5-92E9C4D59499}.Release|Any CPU.Build.0 = Release|Any CPU
		{E1C2C1D7-F7E5-4804-967D-C3CE3172FE74}.Debug|Any CPU.ActiveCfg = Debug|Any CPU
		{E1C2C1D7-F7E5-4804-967D-C3CE3172FE74}.Debug|Any CPU.Build.0 = Debug|Any CPU
		{E1C2C1D7-F7E5-4804-967D-C3CE3172FE74}.Release|Any CPU.ActiveCfg = Release|Any CPU
		{E1C2C1D7-F7E5-4804-967D-C3CE3172FE74}.Release|Any CPU.Build.0 = Release|Any CPU
	EndGlobalSection
	GlobalSection(SolutionProperties) = preSolution
		HideSolutionNode = FALSE
	EndGlobalSection
	GlobalSection(ExtensibilityGlobals) = postSolution
		SolutionGuid = {45811D27-196A-4A95-B499-C2CF7BC3A959}
	EndGlobalSection
EndGlobal
